
Microsoft Visual Studio Solution File, Format Version 12.00
# Visual Studio 14
VisualStudioVersion = 14.0.25420.1
MinimumVisualStudioVersion = 10.0.40219.1
Project("{2150E333-8FDC-42A3-9474-1A3956D46DE8}") = "SwaggerDefinitions", "SwaggerDefinitions", "{67B98CA1-02E5-4809-ADFF-CC5ABA887710}"
EndProject
Project("{FAE04EC0-301F-11D3-BF4B-00C04F79EFBC}") = "ApprendaAPIClient", "src\Apprenda.API.Client\ApprendaAPIClient.csproj", "{9D3B3176-5845-4F9A-9ED4-B183A3C15679}"
EndProject
Project("{FAE04EC0-301F-11D3-BF4B-00C04F79EFBC}") = "Apprenda.Testing.RestAPITests", "src\Apprenda.Testing.RestAPITests\Apprenda.Testing.RestAPITests.csproj", "{A86D818F-ED50-47C8-AAB0-39644312A871}"
EndProject
Project("{FAE04EC0-301F-11D3-BF4B-00C04F79EFBC}") = "Apprenda.Testing.RestAPITestTools", "src\Apprenda.Testing.RestAPITestTools\Apprenda.Testing.RestAPITestTools.csproj", "{F760A373-B649-425C-9290-9703D643C3F2}"
EndProject
Global
	GlobalSection(SolutionConfigurationPlatforms) = preSolution
		Debug|Any CPU = Debug|Any CPU
		Release|Any CPU = Release|Any CPU
	EndGlobalSection
	GlobalSection(ProjectConfigurationPlatforms) = postSolution
		{9D3B3176-5845-4F9A-9ED4-B183A3C15679}.Debug|Any CPU.ActiveCfg = Debug|Any CPU
		{9D3B3176-5845-4F9A-9ED4-B183A3C15679}.Debug|Any CPU.Build.0 = Debug|Any CPU
		{9D3B3176-5845-4F9A-9ED4-B183A3C15679}.Release|Any CPU.ActiveCfg = Release|Any CPU
		{9D3B3176-5845-4F9A-9ED4-B183A3C15679}.Release|Any CPU.Build.0 = Release|Any CPU
		{A86D818F-ED50-47C8-AAB0-39644312A871}.Debug|Any CPU.ActiveCfg = Debug|Any CPU
		{A86D818F-ED50-47C8-AAB0-39644312A871}.Debug|Any CPU.Build.0 = Debug|Any CPU
		{A86D818F-ED50-47C8-AAB0-39644312A871}.Release|Any CPU.ActiveCfg = Release|Any CPU
		{A86D818F-ED50-47C8-AAB0-39644312A871}.Release|Any CPU.Build.0 = Release|Any CPU
		{F760A373-B649-425C-9290-9703D643C3F2}.Debug|Any CPU.ActiveCfg = Debug|Any CPU
		{F760A373-B649-425C-9290-9703D643C3F2}.Debug|Any CPU.Build.0 = Debug|Any CPU
		{F760A373-B649-425C-9290-9703D643C3F2}.Release|Any CPU.ActiveCfg = Release|Any CPU
		{F760A373-B649-425C-9290-9703D643C3F2}.Release|Any CPU.Build.0 = Release|Any CPU
	EndGlobalSection
	GlobalSection(SolutionProperties) = preSolution
		HideSolutionNode = FALSE
	EndGlobalSection
EndGlobal
